<Solution>
  <Folder Name="/src/">
    <Project Path="src/Cvoya.Spring.A2A/Cvoya.Spring.A2A.csproj" />
    <Project Path="src/Cvoya.Spring.AgentRuntimes.Claude/Cvoya.Spring.AgentRuntimes.Claude.csproj" />
    <Project Path="src/Cvoya.Spring.AgentRuntimes.Google/Cvoya.Spring.AgentRuntimes.Google.csproj" />
    <Project Path="src/Cvoya.Spring.AgentRuntimes.Ollama/Cvoya.Spring.AgentRuntimes.Ollama.csproj" />
    <Project Path="src/Cvoya.Spring.AgentRuntimes.OpenAI/Cvoya.Spring.AgentRuntimes.OpenAI.csproj" />
    <Project Path="src/Cvoya.Spring.Cli/Cvoya.Spring.Cli.csproj" />
    <Project Path="src/Cvoya.Spring.Connector.Arxiv/Cvoya.Spring.Connector.Arxiv.csproj" />
    <Project Path="src/Cvoya.Spring.Connector.GitHub/Cvoya.Spring.Connector.GitHub.csproj" />
    <Project Path="src/Cvoya.Spring.Connector.WebSearch/Cvoya.Spring.Connector.WebSearch.csproj" />
    <Project Path="src/Cvoya.Spring.Connectors.Abstractions/Cvoya.Spring.Connectors.Abstractions.csproj" />
    <Project Path="src/Cvoya.Spring.Core/Cvoya.Spring.Core.csproj" />
    <Project Path="src/Cvoya.Spring.Dapr/Cvoya.Spring.Dapr.csproj" />
    <Project Path="src/Cvoya.Spring.Dispatcher/Cvoya.Spring.Dispatcher.csproj" />
    <Project Path="src/Cvoya.Spring.Host.Api/Cvoya.Spring.Host.Api.csproj" />
    <Project Path="src/Cvoya.Spring.Host.Worker/Cvoya.Spring.Host.Worker.csproj" />
    <Project Path="src/Cvoya.Spring.Manifest/Cvoya.Spring.Manifest.csproj" />
  </Folder>
  <Folder Name="/tests/">
    <Project Path="tests/Cvoya.Spring.AgentRuntimes.Claude.Tests/Cvoya.Spring.AgentRuntimes.Claude.Tests.csproj" />
    <Project Path="tests/Cvoya.Spring.AgentRuntimes.Google.Tests/Cvoya.Spring.AgentRuntimes.Google.Tests.csproj" />
    <Project Path="tests/Cvoya.Spring.AgentRuntimes.Ollama.Tests/Cvoya.Spring.AgentRuntimes.Ollama.Tests.csproj" />
    <Project Path="tests/Cvoya.Spring.AgentRuntimes.OpenAI.Tests/Cvoya.Spring.AgentRuntimes.OpenAI.Tests.csproj" />
    <Project Path="tests/Cvoya.Spring.Cli.Tests/Cvoya.Spring.Cli.Tests.csproj" />
    <Project Path="tests/Cvoya.Spring.Connector.Arxiv.Tests/Cvoya.Spring.Connector.Arxiv.Tests.csproj" />
    <Project Path="tests/Cvoya.Spring.Connector.GitHub.Tests/Cvoya.Spring.Connector.GitHub.Tests.csproj" />
    <Project Path="tests/Cvoya.Spring.Connector.WebSearch.Tests/Cvoya.Spring.Connector.WebSearch.Tests.csproj" />
    <Project Path="tests/Cvoya.Spring.Core.Tests/Cvoya.Spring.Core.Tests.csproj" />
    <Project Path="tests/Cvoya.Spring.Dapr.Tests/Cvoya.Spring.Dapr.Tests.csproj" />
    <Project Path="tests/Cvoya.Spring.Dispatcher.Tests/Cvoya.Spring.Dispatcher.Tests.csproj" />
    <Project Path="tests/Cvoya.Spring.Host.Api.Tests/Cvoya.Spring.Host.Api.Tests.csproj" />
    <Project Path="tests/Cvoya.Spring.Host.Worker.Tests/Cvoya.Spring.Host.Worker.Tests.csproj" />
    <Project Path="tests/Cvoya.Spring.Integration.Tests/Cvoya.Spring.Integration.Tests.csproj" />
    <Project Path="tests/Cvoya.Spring.Manifest.Tests/Cvoya.Spring.Manifest.Tests.csproj" />
  </Folder>
</Solution>
